
Microsoft Visual Studio Solution File, Format Version 12.00
# Visual Studio Version 16
VisualStudioVersion = 16.0.30114.105
MinimumVisualStudioVersion = 10.0.40219.1
Project("{FAE04EC0-301F-11D3-BF4B-00C04F79EFBC}") = "OdeToFood.web", "OdeToFood.web\OdeToFood.web.csproj", "{28B1BDF1-8792-4810-85A2-898F3A0AA60E}"
EndProject
Global
	GlobalSection(SolutionConfigurationPlatforms) = preSolution
		Debug|Any CPU = Debug|Any CPU
		Release|Any CPU = Release|Any CPU
	EndGlobalSection
	GlobalSection(ProjectConfigurationPlatforms) = postSolution
		{28B1BDF1-8792-4810-85A2-898F3A0AA60E}.Debug|Any CPU.ActiveCfg = Debug|Any CPU
		{28B1BDF1-8792-4810-85A2-898F3A0AA60E}.Debug|Any CPU.Build.0 = Debug|Any CPU
		{28B1BDF1-8792-4810-85A2-898F3A0AA60E}.Release|Any CPU.ActiveCfg = Release|Any CPU
		{28B1BDF1-8792-4810-85A2-898F3A0AA60E}.Release|Any CPU.Build.0 = Release|Any CPU
	EndGlobalSection
	GlobalSection(SolutionProperties) = preSolution
		HideSolutionNode = FALSE
	EndGlobalSection
	GlobalSection(ExtensibilityGlobals) = postSolution
		SolutionGuid = {3B130D49-C582-491D-8338-9E1167CE2C9E}
	EndGlobalSection
EndGlobal
